// !$*UTF8*$!
{
	archiveVersion = 1;
	classes = {
	};
	objectVersion = 50;
	objects = {

/* Begin PBXBuildFile section */
		1165A323249FF3910026F668 /* AppDelegate.swift in Sources */ = {isa = PBXBuildFile; fileRef = 1165A322249FF3910026F668 /* AppDelegate.swift */; };
		1165A325249FF3910026F668 /* SceneDelegate.swift in Sources */ = {isa = PBXBuildFile; fileRef = 1165A324249FF3910026F668 /* SceneDelegate.swift */; };
		1165A328249FF3910026F668 /* FurnitureApp.xcdatamodeld in Sources */ = {isa = PBXBuildFile; fileRef = 1165A326249FF3910026F668 /* FurnitureApp.xcdatamodeld */; };
		1165A32A249FF3910026F668 /* ContentView.swift in Sources */ = {isa = PBXBuildFile; fileRef = 1165A329249FF3910026F668 /* ContentView.swift */; };
		1165A32C249FF3960026F668 /* Assets.xcassets in Resources */ = {isa = PBXBuildFile; fileRef = 1165A32B249FF3960026F668 /* Assets.xcassets */; };
		1165A32F249FF3960026F668 /* Preview Assets.xcassets in Resources */ = {isa = PBXBuildFile; fileRef = 1165A32E249FF3960026F668 /* Preview Assets.xcassets */; };
		1165A332249FF3960026F668 /* LaunchScreen.storyboard in Resources */ = {isa = PBXBuildFile; fileRef = 1165A330249FF3960026F668 /* LaunchScreen.storyboard */; };
		1165A33D249FF3960026F668 /* FurnitureAppTests.swift in Sources */ = {isa = PBXBuildFile; fileRef = 1165A33C249FF3960026F668 /* FurnitureAppTests.swift */; };
		1165A348249FF3960026F668 /* FurnitureAppUITests.swift in Sources */ = {isa = PBXBuildFile; fileRef = 1165A347249FF3960026F668 /* FurnitureAppUITests.swift */; };
/* End PBXBuildFile section */

/* Begin PBXContainerItemProxy section */
		1165A339249FF3960026F668 /* PBXContainerItemProxy */ = {
			isa = PBXContainerItemProxy;
			containerPortal = 1165A317249FF3910026F668 /* Project object */;
			proxyType = 1;
			remoteGlobalIDString = 1165A31E249FF3910026F668;
			remoteInfo = FurnitureApp;
		};
		1165A344249FF3960026F668 /* PBXContainerItemProxy */ = {
			isa = PBXContainerItemProxy;
			containerPortal = 1165A317249FF3910026F668 /* Project object */;
			proxyType = 1;
			remoteGlobalIDString = 1165A31E249FF3910026F668;
			remoteInfo = FurnitureApp;
		};
/* End PBXContainerItemProxy section */

/* Begin PBXFileReference section */
		1165A31F249FF3910026F668 /* FurnitureApp.app */ = {isa = PBXFileReference; explicitFileType = wrapper.application; includeInIndex = 0; path = FurnitureApp.app; sourceTree = BUILT_PRODUCTS_DIR; };
		1165A322249FF3910026F668 /* AppDelegate.swift */ = {isa = PBXFileReference; lastKnownFileType = sourcecode.swift; path = AppDelegate.swift; sourceTree = "<group>"; };
		1165A324249FF3910026F668 /* SceneDelegate.swift */ = {isa = PBXFileReference; lastKnownFileType = sourcecode.swift; path = SceneDelegate.swift; sourceTree = "<group>"; };
		1165A327249FF3910026F668 /* FurnitureApp.xcdatamodel */ = {isa = PBXFileReference; lastKnownFileType = wrapper.xcdatamodel; path = FurnitureApp.xcdatamodel; sourceTree = "<group>"; };
		1165A329249FF3910026F668 /* ContentView.swift */ = {isa = PBXFileReference; lastKnownFileType = sourcecode.swift; path = ContentView.swift; sourceTree = "<group>"; };
		1165A32B249FF3960026F668 /* Assets.xcassets */ = {isa = PBXFileReference; lastKnownFileType = folder.assetcatalog; path = Assets.xcassets; sourceTree = "<group>"; };
		1165A32E249FF3960026F668 /* Preview Assets.xcassets */ = {isa = PBXFileReference; lastKnownFileType = folder.assetcatalog; path = "Preview Assets.xcassets"; sourceTree = "<group>"; };
		1165A331249FF3960026F668 /* Base */ = {isa = PBXFileReference; lastKnownFileType = file.storyboard; name = Base; path = Base.lproj/LaunchScreen.storyboard; sourceTree = "<group>"; };
		1165A333249FF3960026F668 /* Info.plist */ = {isa = PBXFileReference; lastKnownFileType = text.plist.xml; path = Info.plist; sourceTree = "<group>"; };
		1165A338249FF3960026F668 /* FurnitureAppTests.xctest */ = {isa = PBXFileReference; explicitFileType = wrapper.cfbundle; includeInIndex = 0; path = FurnitureAppTests.xctest; sourceTree = BUILT_PRODUCTS_DIR; };
		1165A33C249FF3960026F668 /* FurnitureAppTests.swift */ = {isa = PBXFileReference; lastKnownFileType = sourcecode.swift; path = FurnitureAppTests.swift; sourceTree = "<group>"; };
		1165A33E249FF3960026F668 /* Info.plist */ = {isa = PBXFileReference; lastKnownFileType = text.plist.xml; path = Info.plist; sourceTree = "<group>"; };
		1165A343249FF3960026F668 /* FurnitureAppUITests.xctest */ = {isa = PBXFileReference; explicitFileType = wrapper.cfbundle; includeInIndex = 0; path = FurnitureAppUITests.xctest; sourceTree = BUILT_PRODUCTS_DIR; };
		1165A347249FF3960026F668 /* FurnitureAppUITests.swift */ = {isa = PBXFileReference; lastKnownFileType = sourcecode.swift; path = FurnitureAppUITests.swift; sourceTree = "<group>"; };
		1165A349249FF3960026F668 /* Info.plist */ = {isa = PBXFileReference; lastKnownFileType = text.plist.xml; path = Info.plist; sourceTree = "<group>"; };
/* End PBXFileReference section */

/* Begin PBXFrameworksBuildPhase section */
		1165A31C249FF3910026F668 /* Frameworks */ = {
			isa = PBXFrameworksBuildPhase;
			buildActionMask = 2147483647;
			files = (
			);
			runOnlyForDeploymentPostprocessing = 0;
		};
		1165A335249FF3960026F668 /* Frameworks */ = {
			isa = PBXFrameworksBuildPhase;
			buildActionMask = 2147483647;
			files = (
			);
			runOnlyForDeploymentPostprocessing = 0;
		};
		1165A340249FF3960026F668 /* Frameworks */ = {
			isa = PBXFrameworksBuildPhase;
			buildActionMask = 2147483647;
			files = (
			);
			runOnlyForDeploymentPostprocessing = 0;
		};
/* End PBXFrameworksBuildPhase section */

/* Begin PBXGroup section */
		1165A316249FF3910026F668 = {
			isa = PBXGroup;
			children = (
				1165A321249FF3910026F668 /* FurnitureApp */,
				1165A33B249FF3960026F668 /* FurnitureAppTests */,
				1165A346249FF3960026F668 /* FurnitureAppUITests */,
				1165A320249FF3910026F668 /* Products */,
			);
			sourceTree = "<group>";
		};
		1165A320249FF3910026F668 /* Products */ = {
			isa = PBXGroup;
			children = (
				1165A31F249FF3910026F668 /* FurnitureApp.app */,
				1165A338249FF3960026F668 /* FurnitureAppTests.xctest */,
				1165A343249FF3960026F668 /* FurnitureAppUITests.xctest */,
			);
			name = Products;
			sourceTree = "<group>";
		};
		1165A321249FF3910026F668 /* FurnitureApp */ = {
			isa = PBXGroup;
			children = (
				1165A322249FF3910026F668 /* AppDelegate.swift */,
				1165A324249FF3910026F668 /* SceneDelegate.swift */,
				1165A329249FF3910026F668 /* ContentView.swift */,
				1165A32B249FF3960026F668 /* Assets.xcassets */,
				1165A330249FF3960026F668 /* LaunchScreen.storyboard */,
				1165A333249FF3960026F668 /* Info.plist */,
				1165A326249FF3910026F668 /* FurnitureApp.xcdatamodeld */,
				1165A32D249FF3960026F668 /* Preview Content */,
			);
			path = FurnitureApp;
			sourceTree = "<group>";
		};
		1165A32D249FF3960026F668 /* Preview Content */ = {
			isa = PBXGroup;
			children = (
				1165A32E249FF3960026F668 /* Preview Assets.xcassets */,
			);
			path = "Preview Content";
			sourceTree = "<group>";
		};
		1165A33B249FF3960026F668 /* FurnitureAppTests */ = {
			isa = PBXGroup;
			children = (
				1165A33C249FF3960026F668 /* FurnitureAppTests.swift */,
				1165A33E249FF3960026F668 /* Info.plist */,
			);
			path = FurnitureAppTests;
			sourceTree = "<group>";
		};
		1165A346249FF3960026F668 /* FurnitureAppUITests */ = {
			isa = PBXGroup;
			children = (
				1165A347249FF3960026F668 /* FurnitureAppUITests.swift */,
				1165A349249FF3960026F668 /* Info.plist */,
			);
			path = FurnitureAppUITests;
			sourceTree = "<group>";
		};
/* End PBXGroup section */

/* Begin PBXNativeTarget section */
		1165A31E249FF3910026F668 /* FurnitureApp */ = {
			isa = PBXNativeTarget;
			buildConfigurationList = 1165A34C249FF3960026F668 /* Build configuration list for PBXNativeTarget "FurnitureApp" */;
			buildPhases = (
				1165A31B249FF3910026F668 /* Sources */,
				1165A31C249FF3910026F668 /* Frameworks */,
				1165A31D249FF3910026F668 /* Resources */,
			);
			buildRules = (
			);
			dependencies = (
			);
			name = FurnitureApp;
			productName = FurnitureApp;
			productReference = 1165A31F249FF3910026F668 /* FurnitureApp.app */;
			productType = "com.apple.product-type.application";
		};
		1165A337249FF3960026F668 /* FurnitureAppTests */ = {
			isa = PBXNativeTarget;
			buildConfigurationList = 1165A34F249FF3960026F668 /* Build configuration list for PBXNativeTarget "FurnitureAppTests" */;
			buildPhases = (
				1165A334249FF3960026F668 /* Sources */,
				1165A335249FF3960026F668 /* Frameworks */,
				1165A336249FF3960026F668 /* Resources */,
			);
			buildRules = (
			);
			dependencies = (
				1165A33A249FF3960026F668 /* PBXTargetDependency */,
			);
			name = FurnitureAppTests;
			productName = FurnitureAppTests;
			productReference = 1165A338249FF3960026F668 /* FurnitureAppTests.xctest */;
			productType = "com.apple.product-type.bundle.unit-test";
		};
		1165A342249FF3960026F668 /* FurnitureAppUITests */ = {
			isa = PBXNativeTarget;
			buildConfigurationList = 1165A352249FF3960026F668 /* Build configuration list for PBXNativeTarget "FurnitureAppUITests" */;
			buildPhases = (
				1165A33F249FF3960026F668 /* Sources */,
				1165A340249FF3960026F668 /* Frameworks */,
				1165A341249FF3960026F668 /* Resources */,
			);
			buildRules = (
			);
			dependencies = (
				1165A345249FF3960026F668 /* PBXTargetDependency */,
			);
			name = FurnitureAppUITests;
			productName = FurnitureAppUITests;
			productReference = 1165A343249FF3960026F668 /* FurnitureAppUITests.xctest */;
			productType = "com.apple.product-type.bundle.ui-testing";
		};
/* End PBXNativeTarget section */

/* Begin PBXProject section */
		1165A317249FF3910026F668 /* Project object */ = {
			isa = PBXProject;
			attributes = {
				LastSwiftUpdateCheck = 1150;
				LastUpgradeCheck = 1150;
				ORGANIZATIONNAME = "Dustin yang";
				TargetAttributes = {
					1165A31E249FF3910026F668 = {
						CreatedOnToolsVersion = 11.5;
					};
					1165A337249FF3960026F668 = {
						CreatedOnToolsVersion = 11.5;
						TestTargetID = 1165A31E249FF3910026F668;
					};
					1165A342249FF3960026F668 = {
						CreatedOnToolsVersion = 11.5;
						TestTargetID = 1165A31E249FF3910026F668;
					};
				};
			};
			buildConfigurationList = 1165A31A249FF3910026F668 /* Build configuration list for PBXProject "FurnitureApp" */;
			compatibilityVersion = "Xcode 9.3";
			developmentRegion = en;
			hasScannedForEncodings = 0;
			knownRegions = (
				en,
				Base,
			);
			mainGroup = 1165A316249FF3910026F668;
			productRefGroup = 1165A320249FF3910026F668 /* Products */;
			projectDirPath = "";
			projectRoot = "";
			targets = (
				1165A31E249FF3910026F668 /* FurnitureApp */,
				1165A337249FF3960026F668 /* FurnitureAppTests */,
				1165A342249FF3960026F668 /* FurnitureAppUITests */,
			);
		};
/* End PBXProject section */

/* Begin PBXResourcesBuildPhase section */
		1165A31D249FF3910026F668 /* Resources */ = {
			isa = PBXResourcesBuildPhase;
			buildActionMask = 2147483647;
			files = (
				1165A332249FF3960026F668 /* LaunchScreen.storyboard in Resources */,
				1165A32F249FF3960026F668 /* Preview Assets.xcassets in Resources */,
				1165A32C249FF3960026F668 /* Assets.xcassets in Resources */,
			);
			runOnlyForDeploymentPostprocessing = 0;
		};
		1165A336249FF3960026F668 /* Resources */ = {
			isa = PBXResourcesBuildPhase;
			buildActionMask = 2147483647;
			files = (
			);
			runOnlyForDeploymentPostprocessing = 0;
		};
		1165A341249FF3960026F668 /* Resources */ = {
			isa = PBXResourcesBuildPhase;
			buildActionMask = 2147483647;
			files = (
			);
			runOnlyForDeploymentPostprocessing = 0;
		};
/* End PBXResourcesBuildPhase section */

/* Begin PBXSourcesBuildPhase section */
		1165A31B249FF3910026F668 /* Sources */ = {
			isa = PBXSourcesBuildPhase;
			buildActionMask = 2147483647;
			files = (
				1165A328249FF3910026F668 /* FurnitureApp.xcdatamodeld in Sources */,
				1165A323249FF3910026F668 /* AppDelegate.swift in Sources */,
				1165A32A249FF3910026F668 /* ContentView.swift in Sources */,
				1165A325249FF3910026F668 /* SceneDelegate.swift in Sources */,
			);
			runOnlyForDeploymentPostprocessing = 0;
		};
		1165A334249FF3960026F668 /* Sources */ = {
			isa = PBXSourcesBuildPhase;
			buildActionMask = 2147483647;
			files = (
				1165A33D249FF3960026F668 /* FurnitureAppTests.swift in Sources */,
			);
			runOnlyForDeploymentPostprocessing = 0;
		};
		1165A33F249FF3960026F668 /* Sources */ = {
			isa = PBXSourcesBuildPhase;
			buildActionMask = 2147483647;
			files = (
				1165A348249FF3960026F668 /* FurnitureAppUITests.swift in Sources */,
			);
			runOnlyForDeploymentPostprocessing = 0;
		};
/* End PBXSourcesBuildPhase section */

/* Begin PBXTargetDependency section */
		1165A33A249FF3960026F668 /* PBXTargetDependency */ = {
			isa = PBXTargetDependency;
			target = 1165A31E249FF3910026F668 /* FurnitureApp */;
			targetProxy = 1165A339249FF3960026F668 /* PBXContainerItemProxy */;
		};
		1165A345249FF3960026F668 /* PBXTargetDependency */ = {
			isa = PBXTargetDependency;
			target = 1165A31E249FF3910026F668 /* FurnitureApp */;
			targetProxy = 1165A344249FF3960026F668 /* PBXContainerItemProxy */;
		};
/* End PBXTargetDependency section */

/* Begin PBXVariantGroup section */
		1165A330249FF3960026F668 /* LaunchScreen.storyboard */ = {
			isa = PBXVariantGroup;
			children = (
				1165A331249FF3960026F668 /* Base */,
			);
			name = LaunchScreen.storyboard;
			sourceTree = "<group>";
		};
/* End PBXVariantGroup section */

/* Begin XCBuildConfiguration section */
		1165A34A249FF3960026F668 /* Debug */ = {
			isa = XCBuildConfiguration;
			buildSettings = {
				ALWAYS_SEARCH_USER_PATHS = NO;
				CLANG_ANALYZER_NONNULL = YES;
				CLANG_ANALYZER_NUMBER_OBJECT_CONVERSION = YES_AGGRESSIVE;
				CLANG_CXX_LANGUAGE_STANDARD = "gnu++14";
				CLANG_CXX_LIBRARY = "libc++";
				CLANG_ENABLE_MODULES = YES;
				CLANG_ENABLE_OBJC_ARC = YES;
				CLANG_ENABLE_OBJC_WEAK = YES;
				CLANG_WARN_BLOCK_CAPTURE_AUTORELEASING = YES;
				CLANG_WARN_BOOL_CONVERSION = YES;
				CLANG_WARN_COMMA = YES;
				CLANG_WARN_CONSTANT_CONVERSION = YES;
				CLANG_WARN_DEPRECATED_OBJC_IMPLEMENTATIONS = YES;
				CLANG_WARN_DIRECT_OBJC_ISA_USAGE = YES_ERROR;
				CLANG_WARN_DOCUMENTATION_COMMENTS = YES;
				CLANG_WARN_EMPTY_BODY = YES;
				CLANG_WARN_ENUM_CONVERSION = YES;
				CLANG_WARN_INFINITE_RECURSION = YES;
				CLANG_WARN_INT_CONVERSION = YES;
				CLANG_WARN_NON_LITERAL_NULL_CONVERSION = YES;
				CLANG_WARN_OBJC_IMPLICIT_RETAIN_SELF = YES;
				CLANG_WARN_OBJC_LITERAL_CONVERSION = YES;
				CLANG_WARN_OBJC_ROOT_CLASS = YES_ERROR;
				CLANG_WARN_RANGE_LOOP_ANALYSIS = YES;
				CLANG_WARN_STRICT_PROTOTYPES = YES;
				CLANG_WARN_SUSPICIOUS_MOVE = YES;
				CLANG_WARN_UNGUARDED_AVAILABILITY = YES_AGGRESSIVE;
				CLANG_WARN_UNREACHABLE_CODE = YES;
				CLANG_WARN__DUPLICATE_METHOD_MATCH = YES;
				COPY_PHASE_STRIP = NO;
				DEBUG_INFORMATION_FORMAT = dwarf;
				ENABLE_STRICT_OBJC_MSGSEND = YES;
				ENABLE_TESTABILITY = YES;
				GCC_C_LANGUAGE_STANDARD = gnu11;
				GCC_DYNAMIC_NO_PIC = NO;
				GCC_NO_COMMON_BLOCKS = YES;
				GCC_OPTIMIZATION_LEVEL = 0;
				GCC_PREPROCESSOR_DEFINITIONS = (
					"DEBUG=1",
					"$(inherited)",
				);
				GCC_WARN_64_TO_32_BIT_CONVERSION = YES;
				GCC_WARN_ABOUT_RETURN_TYPE = YES_ERROR;
				GCC_WARN_UNDECLARED_SELECTOR = YES;
				GCC_WARN_UNINITIALIZED_AUTOS = YES_AGGRESSIVE;
				GCC_WARN_UNUSED_FUNCTION = YES;
				GCC_WARN_UNUSED_VARIABLE = YES;
				IPHONEOS_DEPLOYMENT_TARGET = 13.5;
				MTL_ENABLE_DEBUG_INFO = INCLUDE_SOURCE;
				MTL_FAST_MATH = YES;
				ONLY_ACTIVE_ARCH = YES;
				SDKROOT = iphoneos;
				SWIFT_ACTIVE_COMPILATION_CONDITIONS = DEBUG;
				SWIFT_OPTIMIZATION_LEVEL = "-Onone";
			};
			name = Debug;
		};
		1165A34B249FF3960026F668 /* Release */ = {
			isa = XCBuildConfiguration;
			buildSettings = {
				ALWAYS_SEARCH_USER_PATHS = NO;
				CLANG_ANALYZER_NONNULL = YES;
				CLANG_ANALYZER_NUMBER_OBJECT_CONVERSION = YES_AGGRESSIVE;
				CLANG_CXX_LANGUAGE_STANDARD = "gnu++14";
				CLANG_CXX_LIBRARY = "libc++";
				CLANG_ENABLE_MODULES = YES;
				CLANG_ENABLE_OBJC_ARC = YES;
				CLANG_ENABLE_OBJC_WEAK = YES;
				CLANG_WARN_BLOCK_CAPTURE_AUTORELEASING = YES;
				CLANG_WARN_BOOL_CONVERSION = YES;
				CLANG_WARN_COMMA = YES;
				CLANG_WARN_CONSTANT_CONVERSION = YES;
				CLANG_WARN_DEPRECATED_OBJC_IMPLEMENTATIONS = YES;
				CLANG_WARN_DIRECT_OBJC_ISA_USAGE = YES_ERROR;
				CLANG_WARN_DOCUMENTATION_COMMENTS = YES;
				CLANG_WARN_EMPTY_BODY = YES;
				CLANG_WARN_ENUM_CONVERSION = YES;
				CLANG_WARN_INFINITE_RECURSION = YES;
				CLANG_WARN_INT_CONVERSION = YES;
				CLANG_WARN_NON_LITERAL_NULL_CONVERSION = YES;
				CLANG_WARN_OBJC_IMPLICIT_RETAIN_SELF = YES;
				CLANG_WARN_OBJC_LITERAL_CONVERSION = YES;
				CLANG_WARN_OBJC_ROOT_CLASS = YES_ERROR;
				CLANG_WARN_RANGE_LOOP_ANALYSIS = YES;
				CLANG_WARN_STRICT_PROTOTYPES = YES;
				CLANG_WARN_SUSPICIOUS_MOVE = YES;
				CLANG_WARN_UNGUARDED_AVAILABILITY = YES_AGGRESSIVE;
				CLANG_WARN_UNREACHABLE_CODE = YES;
				CLANG_WARN__DUPLICATE_METHOD_MATCH = YES;
				COPY_PHASE_STRIP = NO;
				DEBUG_INFORMATION_FORMAT = "dwarf-with-dsym";
				ENABLE_NS_ASSERTIONS = NO;
				ENABLE_STRICT_OBJC_MSGSEND = YES;
				GCC_C_LANGUAGE_STANDARD = gnu11;
				GCC_NO_COMMON_BLOCKS = YES;
				GCC_WARN_64_TO_32_BIT_CONVERSION = YES;
				GCC_WARN_ABOUT_RETURN_TYPE = YES_ERROR;
				GCC_WARN_UNDECLARED_SELECTOR = YES;
				GCC_WARN_UNINITIALIZED_AUTOS = YES_AGGRESSIVE;
				GCC_WARN_UNUSED_FUNCTION = YES;
				GCC_WARN_UNUSED_VARIABLE = YES;
				IPHONEOS_DEPLOYMENT_TARGET = 13.5;
				MTL_ENABLE_DEBUG_INFO = NO;
				MTL_FAST_MATH = YES;
				SDKROOT = iphoneos;
				SWIFT_COMPILATION_MODE = wholemodule;
				SWIFT_OPTIMIZATION_LEVEL = "-O";
				VALIDATE_PRODUCT = YES;
			};
			name = Release;
		};
		1165A34D249FF3960026F668 /* Debug */ = {
			isa = XCBuildConfiguration;
			buildSettings = {
				ASSETCATALOG_COMPILER_APPICON_NAME = AppIcon;
				CODE_SIGN_STYLE = Automatic;
				DEVELOPMENT_ASSET_PATHS = "\"FurnitureApp/Preview Content\"";
				DEVELOPMENT_TEAM = CSE9343A58;
				ENABLE_PREVIEWS = YES;
				INFOPLIST_FILE = FurnitureApp/Info.plist;
				LD_RUNPATH_SEARCH_PATHS = (
					"$(inherited)",
					"@executable_path/Frameworks",
				);
				PRODUCT_BUNDLE_IDENTIFIER = frontyard.FurnitureApp;
				PRODUCT_NAME = "$(TARGET_NAME)";
				SWIFT_VERSION = 5.0;
				TARGETED_DEVICE_FAMILY = "1,2";
			};
			name = Debug;
		};
		1165A34E249FF3960026F668 /* Release */ = {
			isa = XCBuildConfiguration;
			buildSettings = {
				ASSETCATALOG_COMPILER_APPICON_NAME = AppIcon;
				CODE_SIGN_STYLE = Automatic;
				DEVELOPMENT_ASSET_PATHS = "\"FurnitureApp/Preview Content\"";
				DEVELOPMENT_TEAM = CSE9343A58;
				ENABLE_PREVIEWS = YES;
				INFOPLIST_FILE = FurnitureApp/Info.plist;
				LD_RUNPATH_SEARCH_PATHS = (
					"$(inherited)",
					"@executable_path/Frameworks",
				);
				PRODUCT_BUNDLE_IDENTIFIER = frontyard.FurnitureApp;
				PRODUCT_NAME = "$(TARGET_NAME)";
				SWIFT_VERSION = 5.0;
				TARGETED_DEVICE_FAMILY = "1,2";
			};
			name = Release;
		};
		1165A350249FF3960026F668 /* Debug */ = {
			isa = XCBuildConfiguration;
			buildSettings = {
				ALWAYS_EMBED_SWIFT_STANDARD_LIBRARIES = YES;
				BUNDLE_LOADER = "$(TEST_HOST)";
				CODE_SIGN_STYLE = Automatic;
				DEVELOPMENT_TEAM = CSE9343A58;
				INFOPLIST_FILE = FurnitureAppTests/Info.plist;
				IPHONEOS_DEPLOYMENT_TARGET = 13.5;
				LD_RUNPATH_SEARCH_PATHS = (
					"$(inherited)",
					"@executable_path/Frameworks",
					"@loader_path/Frameworks",
				);
				PRODUCT_BUNDLE_IDENTIFIER = frontyard.FurnitureAppTests;
				PRODUCT_NAME = "$(TARGET_NAME)";
				SWIFT_VERSION = 5.0;
				TARGETED_DEVICE_FAMILY = "1,2";
				TEST_HOST = "$(BUILT_PRODUCTS_DIR)/FurnitureApp.app/FurnitureApp";
			};
			name = Debug;
		};
		1165A351249FF3960026F668 /* Release */ = {
			isa = XCBuildConfiguration;
			buildSettings = {
				ALWAYS_EMBED_SWIFT_STANDARD_LIBRARIES = YES;
				BUNDLE_LOADER = "$(TEST_HOST)";
				CODE_SIGN_STYLE = Automatic;
				DEVELOPMENT_TEAM = CSE9343A58;
				INFOPLIST_FILE = FurnitureAppTests/Info.plist;
				IPHONEOS_DEPLOYMENT_TARGET = 13.5;
				LD_RUNPATH_SEARCH_PATHS = (
					"$(inherited)",
					"@executable_path/Frameworks",
					"@loader_path/Frameworks",
				);
				PRODUCT_BUNDLE_IDENTIFIER = frontyard.FurnitureAppTests;
				PRODUCT_NAME = "$(TARGET_NAME)";
				SWIFT_VERSION = 5.0;
				TARGETED_DEVICE_FAMILY = "1,2";
				TEST_HOST = "$(BUILT_PRODUCTS_DIR)/FurnitureApp.app/FurnitureApp";
			};
			name = Release;
		};
		1165A353249FF3960026F668 /* Debug */ = {
			isa = XCBuildConfiguration;
			buildSettings = {
				ALWAYS_EMBED_SWIFT_STANDARD_LIBRARIES = YES;
				CODE_SIGN_STYLE = Automatic;
				DEVELOPMENT_TEAM = CSE9343A58;
				INFOPLIST_FILE = FurnitureAppUITests/Info.plist;
				LD_RUNPATH_SEARCH_PATHS = (
					"$(inherited)",
					"@executable_path/Frameworks",
					"@loader_path/Frameworks",
				);
				PRODUCT_BUNDLE_IDENTIFIER = frontyard.FurnitureAppUITests;
				PRODUCT_NAME = "$(TARGET_NAME)";
				SWIFT_VERSION = 5.0;
				TARGETED_DEVICE_FAMILY = "1,2";
				TEST_TARGET_NAME = FurnitureApp;
			};
			name = Debug;
		};
		1165A354249FF3960026F668 /* Release */ = {
			isa = XCBuildConfiguration;
			buildSettings = {
				ALWAYS_EMBED_SWIFT_STANDARD_LIBRARIES = YES;
				CODE_SIGN_STYLE = Automatic;
				DEVELOPMENT_TEAM = CSE9343A58;
				INFOPLIST_FILE = FurnitureAppUITests/Info.plist;
				LD_RUNPATH_SEARCH_PATHS = (
					"$(inherited)",
					"@executable_path/Frameworks",
					"@loader_path/Frameworks",
				);
				PRODUCT_BUNDLE_IDENTIFIER = frontyard.FurnitureAppUITests;
				PRODUCT_NAME = "$(TARGET_NAME)";
				SWIFT_VERSION = 5.0;
				TARGETED_DEVICE_FAMILY = "1,2";
				TEST_TARGET_NAME = FurnitureApp;
			};
			name = Release;
		};
/* End XCBuildConfiguration section */

/* Begin XCConfigurationList section */
		1165A31A249FF3910026F668 /* Build configuration list for PBXProject "FurnitureApp" */ = {
			isa = XCConfigurationList;
			buildConfigurations = (
				1165A34A249FF3960026F668 /* Debug */,
				1165A34B249FF3960026F668 /* Release */,
			);
			defaultConfigurationIsVisible = 0;
			defaultConfigurationName = Release;
		};
		1165A34C249FF3960026F668 /* Build configuration list for PBXNativeTarget "FurnitureApp" */ = {
			isa = XCConfigurationList;
			buildConfigurations = (
				1165A34D249FF3960026F668 /* Debug */,
				1165A34E249FF3960026F668 /* Release */,
			);
			defaultConfigurationIsVisible = 0;
			defaultConfigurationName = Release;
		};
		1165A34F249FF3960026F668 /* Build configuration list for PBXNativeTarget "FurnitureAppTests" */ = {
			isa = XCConfigurationList;
			buildConfigurations = (
				1165A350249FF3960026F668 /* Debug */,
				1165A351249FF3960026F668 /* Release */,
			);
			defaultConfigurationIsVisible = 0;
			defaultConfigurationName = Release;
		};
		1165A352249FF3960026F668 /* Build configuration list for PBXNativeTarget "FurnitureAppUITests" */ = {
			isa = XCConfigurationList;
			buildConfigurations = (
				1165A353249FF3960026F668 /* Debug */,
				1165A354249FF3960026F668 /* Release */,
			);
			defaultConfigurationIsVisible = 0;
			defaultConfigurationName = Release;
		};
/* End XCConfigurationList section */

/* Begin XCVersionGroup section */
		1165A326249FF3910026F668 /* FurnitureApp.xcdatamodeld */ = {
			isa = XCVersionGroup;
			children = (
				1165A327249FF3910026F668 /* FurnitureApp.xcdatamodel */,
			);
			currentVersion = 1165A327249FF3910026F668 /* FurnitureApp.xcdatamodel */;
			path = FurnitureApp.xcdatamodeld;
			sourceTree = "<group>";
			versionGroupType = wrapper.xcdatamodel;
		};
/* End XCVersionGroup section */
	};
	rootObject = 1165A317249FF3910026F668 /* Project object */;
}
