// !$*UTF8*$!
{
	archiveVersion = 1;
	classes = {
	};
	objectVersion = 50;
	objects = {

/* Begin PBXBuildFile section */
		11884ACD2467039A00904A22 /* AppDelegate.swift in Sources */ = {isa = PBXBuildFile; fileRef = 11884ACC2467039A00904A22 /* AppDelegate.swift */; };
		11884ACF2467039A00904A22 /* SceneDelegate.swift in Sources */ = {isa = PBXBuildFile; fileRef = 11884ACE2467039A00904A22 /* SceneDelegate.swift */; };
		11884AD22467039A00904A22 /* FleaMarketApp.xcdatamodeld in Sources */ = {isa = PBXBuildFile; fileRef = 11884AD02467039A00904A22 /* FleaMarketApp.xcdatamodeld */; };
		11884AD42467039A00904A22 /* ContentView.swift in Sources */ = {isa = PBXBuildFile; fileRef = 11884AD32467039A00904A22 /* ContentView.swift */; };
		11884AD62467039D00904A22 /* Assets.xcassets in Resources */ = {isa = PBXBuildFile; fileRef = 11884AD52467039D00904A22 /* Assets.xcassets */; };
		11884AD92467039D00904A22 /* Preview Assets.xcassets in Resources */ = {isa = PBXBuildFile; fileRef = 11884AD82467039D00904A22 /* Preview Assets.xcassets */; };
		11884ADC2467039D00904A22 /* LaunchScreen.storyboard in Resources */ = {isa = PBXBuildFile; fileRef = 11884ADA2467039D00904A22 /* LaunchScreen.storyboard */; };
		11884AE72467039D00904A22 /* FleaMarketAppTests.swift in Sources */ = {isa = PBXBuildFile; fileRef = 11884AE62467039D00904A22 /* FleaMarketAppTests.swift */; };
		11884AF22467039D00904A22 /* FleaMarketAppUITests.swift in Sources */ = {isa = PBXBuildFile; fileRef = 11884AF12467039D00904A22 /* FleaMarketAppUITests.swift */; };
/* End PBXBuildFile section */

/* Begin PBXContainerItemProxy section */
		11884AE32467039D00904A22 /* PBXContainerItemProxy */ = {
			isa = PBXContainerItemProxy;
			containerPortal = 11884AC12467039A00904A22 /* Project object */;
			proxyType = 1;
			remoteGlobalIDString = 11884AC82467039A00904A22;
			remoteInfo = FleaMarketApp;
		};
		11884AEE2467039D00904A22 /* PBXContainerItemProxy */ = {
			isa = PBXContainerItemProxy;
			containerPortal = 11884AC12467039A00904A22 /* Project object */;
			proxyType = 1;
			remoteGlobalIDString = 11884AC82467039A00904A22;
			remoteInfo = FleaMarketApp;
		};
/* End PBXContainerItemProxy section */

/* Begin PBXFileReference section */
		11884AC92467039A00904A22 /* FleaMarketApp.app */ = {isa = PBXFileReference; explicitFileType = wrapper.application; includeInIndex = 0; path = FleaMarketApp.app; sourceTree = BUILT_PRODUCTS_DIR; };
		11884ACC2467039A00904A22 /* AppDelegate.swift */ = {isa = PBXFileReference; lastKnownFileType = sourcecode.swift; path = AppDelegate.swift; sourceTree = "<group>"; };
		11884ACE2467039A00904A22 /* SceneDelegate.swift */ = {isa = PBXFileReference; lastKnownFileType = sourcecode.swift; path = SceneDelegate.swift; sourceTree = "<group>"; };
		11884AD12467039A00904A22 /* FleaMarketApp.xcdatamodel */ = {isa = PBXFileReference; lastKnownFileType = wrapper.xcdatamodel; path = FleaMarketApp.xcdatamodel; sourceTree = "<group>"; };
		11884AD32467039A00904A22 /* ContentView.swift */ = {isa = PBXFileReference; lastKnownFileType = sourcecode.swift; path = ContentView.swift; sourceTree = "<group>"; };
		11884AD52467039D00904A22 /* Assets.xcassets */ = {isa = PBXFileReference; lastKnownFileType = folder.assetcatalog; path = Assets.xcassets; sourceTree = "<group>"; };
		11884AD82467039D00904A22 /* Preview Assets.xcassets */ = {isa = PBXFileReference; lastKnownFileType = folder.assetcatalog; path = "Preview Assets.xcassets"; sourceTree = "<group>"; };
		11884ADB2467039D00904A22 /* Base */ = {isa = PBXFileReference; lastKnownFileType = file.storyboard; name = Base; path = Base.lproj/LaunchScreen.storyboard; sourceTree = "<group>"; };
		11884ADD2467039D00904A22 /* Info.plist */ = {isa = PBXFileReference; lastKnownFileType = text.plist.xml; path = Info.plist; sourceTree = "<group>"; };
		11884AE22467039D00904A22 /* FleaMarketAppTests.xctest */ = {isa = PBXFileReference; explicitFileType = wrapper.cfbundle; includeInIndex = 0; path = FleaMarketAppTests.xctest; sourceTree = BUILT_PRODUCTS_DIR; };
		11884AE62467039D00904A22 /* FleaMarketAppTests.swift */ = {isa = PBXFileReference; lastKnownFileType = sourcecode.swift; path = FleaMarketAppTests.swift; sourceTree = "<group>"; };
		11884AE82467039D00904A22 /* Info.plist */ = {isa = PBXFileReference; lastKnownFileType = text.plist.xml; path = Info.plist; sourceTree = "<group>"; };
		11884AED2467039D00904A22 /* FleaMarketAppUITests.xctest */ = {isa = PBXFileReference; explicitFileType = wrapper.cfbundle; includeInIndex = 0; path = FleaMarketAppUITests.xctest; sourceTree = BUILT_PRODUCTS_DIR; };
		11884AF12467039D00904A22 /* FleaMarketAppUITests.swift */ = {isa = PBXFileReference; lastKnownFileType = sourcecode.swift; path = FleaMarketAppUITests.swift; sourceTree = "<group>"; };
		11884AF32467039D00904A22 /* Info.plist */ = {isa = PBXFileReference; lastKnownFileType = text.plist.xml; path = Info.plist; sourceTree = "<group>"; };
/* End PBXFileReference section */

/* Begin PBXFrameworksBuildPhase section */
		11884AC62467039A00904A22 /* Frameworks */ = {
			isa = PBXFrameworksBuildPhase;
			buildActionMask = 2147483647;
			files = (
			);
			runOnlyForDeploymentPostprocessing = 0;
		};
		11884ADF2467039D00904A22 /* Frameworks */ = {
			isa = PBXFrameworksBuildPhase;
			buildActionMask = 2147483647;
			files = (
			);
			runOnlyForDeploymentPostprocessing = 0;
		};
		11884AEA2467039D00904A22 /* Frameworks */ = {
			isa = PBXFrameworksBuildPhase;
			buildActionMask = 2147483647;
			files = (
			);
			runOnlyForDeploymentPostprocessing = 0;
		};
/* End PBXFrameworksBuildPhase section */

/* Begin PBXGroup section */
		11884AC02467039A00904A22 = {
			isa = PBXGroup;
			children = (
				11884ACB2467039A00904A22 /* FleaMarketApp */,
				11884AE52467039D00904A22 /* FleaMarketAppTests */,
				11884AF02467039D00904A22 /* FleaMarketAppUITests */,
				11884ACA2467039A00904A22 /* Products */,
			);
			sourceTree = "<group>";
		};
		11884ACA2467039A00904A22 /* Products */ = {
			isa = PBXGroup;
			children = (
				11884AC92467039A00904A22 /* FleaMarketApp.app */,
				11884AE22467039D00904A22 /* FleaMarketAppTests.xctest */,
				11884AED2467039D00904A22 /* FleaMarketAppUITests.xctest */,
			);
			name = Products;
			sourceTree = "<group>";
		};
		11884ACB2467039A00904A22 /* FleaMarketApp */ = {
			isa = PBXGroup;
			children = (
				11884ACC2467039A00904A22 /* AppDelegate.swift */,
				11884ACE2467039A00904A22 /* SceneDelegate.swift */,
				11884AD32467039A00904A22 /* ContentView.swift */,
				11884AD52467039D00904A22 /* Assets.xcassets */,
				11884ADA2467039D00904A22 /* LaunchScreen.storyboard */,
				11884ADD2467039D00904A22 /* Info.plist */,
				11884AD02467039A00904A22 /* FleaMarketApp.xcdatamodeld */,
				11884AD72467039D00904A22 /* Preview Content */,
			);
			path = FleaMarketApp;
			sourceTree = "<group>";
		};
		11884AD72467039D00904A22 /* Preview Content */ = {
			isa = PBXGroup;
			children = (
				11884AD82467039D00904A22 /* Preview Assets.xcassets */,
			);
			path = "Preview Content";
			sourceTree = "<group>";
		};
		11884AE52467039D00904A22 /* FleaMarketAppTests */ = {
			isa = PBXGroup;
			children = (
				11884AE62467039D00904A22 /* FleaMarketAppTests.swift */,
				11884AE82467039D00904A22 /* Info.plist */,
			);
			path = FleaMarketAppTests;
			sourceTree = "<group>";
		};
		11884AF02467039D00904A22 /* FleaMarketAppUITests */ = {
			isa = PBXGroup;
			children = (
				11884AF12467039D00904A22 /* FleaMarketAppUITests.swift */,
				11884AF32467039D00904A22 /* Info.plist */,
			);
			path = FleaMarketAppUITests;
			sourceTree = "<group>";
		};
/* End PBXGroup section */

/* Begin PBXNativeTarget section */
		11884AC82467039A00904A22 /* FleaMarketApp */ = {
			isa = PBXNativeTarget;
			buildConfigurationList = 11884AF62467039D00904A22 /* Build configuration list for PBXNativeTarget "FleaMarketApp" */;
			buildPhases = (
				11884AC52467039A00904A22 /* Sources */,
				11884AC62467039A00904A22 /* Frameworks */,
				11884AC72467039A00904A22 /* Resources */,
			);
			buildRules = (
			);
			dependencies = (
			);
			name = FleaMarketApp;
			productName = FleaMarketApp;
			productReference = 11884AC92467039A00904A22 /* FleaMarketApp.app */;
			productType = "com.apple.product-type.application";
		};
		11884AE12467039D00904A22 /* FleaMarketAppTests */ = {
			isa = PBXNativeTarget;
			buildConfigurationList = 11884AF92467039D00904A22 /* Build configuration list for PBXNativeTarget "FleaMarketAppTests" */;
			buildPhases = (
				11884ADE2467039D00904A22 /* Sources */,
				11884ADF2467039D00904A22 /* Frameworks */,
				11884AE02467039D00904A22 /* Resources */,
			);
			buildRules = (
			);
			dependencies = (
				11884AE42467039D00904A22 /* PBXTargetDependency */,
			);
			name = FleaMarketAppTests;
			productName = FleaMarketAppTests;
			productReference = 11884AE22467039D00904A22 /* FleaMarketAppTests.xctest */;
			productType = "com.apple.product-type.bundle.unit-test";
		};
		11884AEC2467039D00904A22 /* FleaMarketAppUITests */ = {
			isa = PBXNativeTarget;
			buildConfigurationList = 11884AFC2467039D00904A22 /* Build configuration list for PBXNativeTarget "FleaMarketAppUITests" */;
			buildPhases = (
				11884AE92467039D00904A22 /* Sources */,
				11884AEA2467039D00904A22 /* Frameworks */,
				11884AEB2467039D00904A22 /* Resources */,
			);
			buildRules = (
			);
			dependencies = (
				11884AEF2467039D00904A22 /* PBXTargetDependency */,
			);
			name = FleaMarketAppUITests;
			productName = FleaMarketAppUITests;
			productReference = 11884AED2467039D00904A22 /* FleaMarketAppUITests.xctest */;
			productType = "com.apple.product-type.bundle.ui-testing";
		};
/* End PBXNativeTarget section */

/* Begin PBXProject section */
		11884AC12467039A00904A22 /* Project object */ = {
			isa = PBXProject;
			attributes = {
				LastSwiftUpdateCheck = 1140;
				LastUpgradeCheck = 1140;
				ORGANIZATIONNAME = "Dustin yang";
				TargetAttributes = {
					11884AC82467039A00904A22 = {
						CreatedOnToolsVersion = 11.4.1;
					};
					11884AE12467039D00904A22 = {
						CreatedOnToolsVersion = 11.4.1;
						TestTargetID = 11884AC82467039A00904A22;
					};
					11884AEC2467039D00904A22 = {
						CreatedOnToolsVersion = 11.4.1;
						TestTargetID = 11884AC82467039A00904A22;
					};
				};
			};
			buildConfigurationList = 11884AC42467039A00904A22 /* Build configuration list for PBXProject "FleaMarketApp" */;
			compatibilityVersion = "Xcode 9.3";
			developmentRegion = en;
			hasScannedForEncodings = 0;
			knownRegions = (
				en,
				Base,
			);
			mainGroup = 11884AC02467039A00904A22;
			productRefGroup = 11884ACA2467039A00904A22 /* Products */;
			projectDirPath = "";
			projectRoot = "";
			targets = (
				11884AC82467039A00904A22 /* FleaMarketApp */,
				11884AE12467039D00904A22 /* FleaMarketAppTests */,
				11884AEC2467039D00904A22 /* FleaMarketAppUITests */,
			);
		};
/* End PBXProject section */

/* Begin PBXResourcesBuildPhase section */
		11884AC72467039A00904A22 /* Resources */ = {
			isa = PBXResourcesBuildPhase;
			buildActionMask = 2147483647;
			files = (
				11884ADC2467039D00904A22 /* LaunchScreen.storyboard in Resources */,
				11884AD92467039D00904A22 /* Preview Assets.xcassets in Resources */,
				11884AD62467039D00904A22 /* Assets.xcassets in Resources */,
			);
			runOnlyForDeploymentPostprocessing = 0;
		};
		11884AE02467039D00904A22 /* Resources */ = {
			isa = PBXResourcesBuildPhase;
			buildActionMask = 2147483647;
			files = (
			);
			runOnlyForDeploymentPostprocessing = 0;
		};
		11884AEB2467039D00904A22 /* Resources */ = {
			isa = PBXResourcesBuildPhase;
			buildActionMask = 2147483647;
			files = (
			);
			runOnlyForDeploymentPostprocessing = 0;
		};
/* End PBXResourcesBuildPhase section */

/* Begin PBXSourcesBuildPhase section */
		11884AC52467039A00904A22 /* Sources */ = {
			isa = PBXSourcesBuildPhase;
			buildActionMask = 2147483647;
			files = (
				11884ACD2467039A00904A22 /* AppDelegate.swift in Sources */,
				11884ACF2467039A00904A22 /* SceneDelegate.swift in Sources */,
				11884AD42467039A00904A22 /* ContentView.swift in Sources */,
				11884AD22467039A00904A22 /* FleaMarketApp.xcdatamodeld in Sources */,
			);
			runOnlyForDeploymentPostprocessing = 0;
		};
		11884ADE2467039D00904A22 /* Sources */ = {
			isa = PBXSourcesBuildPhase;
			buildActionMask = 2147483647;
			files = (
				11884AE72467039D00904A22 /* FleaMarketAppTests.swift in Sources */,
			);
			runOnlyForDeploymentPostprocessing = 0;
		};
		11884AE92467039D00904A22 /* Sources */ = {
			isa = PBXSourcesBuildPhase;
			buildActionMask = 2147483647;
			files = (
				11884AF22467039D00904A22 /* FleaMarketAppUITests.swift in Sources */,
			);
			runOnlyForDeploymentPostprocessing = 0;
		};
/* End PBXSourcesBuildPhase section */

/* Begin PBXTargetDependency section */
		11884AE42467039D00904A22 /* PBXTargetDependency */ = {
			isa = PBXTargetDependency;
			target = 11884AC82467039A00904A22 /* FleaMarketApp */;
			targetProxy = 11884AE32467039D00904A22 /* PBXContainerItemProxy */;
		};
		11884AEF2467039D00904A22 /* PBXTargetDependency */ = {
			isa = PBXTargetDependency;
			target = 11884AC82467039A00904A22 /* FleaMarketApp */;
			targetProxy = 11884AEE2467039D00904A22 /* PBXContainerItemProxy */;
		};
/* End PBXTargetDependency section */

/* Begin PBXVariantGroup section */
		11884ADA2467039D00904A22 /* LaunchScreen.storyboard */ = {
			isa = PBXVariantGroup;
			children = (
				11884ADB2467039D00904A22 /* Base */,
			);
			name = LaunchScreen.storyboard;
			sourceTree = "<group>";
		};
/* End PBXVariantGroup section */

/* Begin XCBuildConfiguration section */
		11884AF42467039D00904A22 /* Debug */ = {
			isa = XCBuildConfiguration;
			buildSettings = {
				ALWAYS_SEARCH_USER_PATHS = NO;
				CLANG_ANALYZER_NONNULL = YES;
				CLANG_ANALYZER_NUMBER_OBJECT_CONVERSION = YES_AGGRESSIVE;
				CLANG_CXX_LANGUAGE_STANDARD = "gnu++14";
				CLANG_CXX_LIBRARY = "libc++";
				CLANG_ENABLE_MODULES = YES;
				CLANG_ENABLE_OBJC_ARC = YES;
				CLANG_ENABLE_OBJC_WEAK = YES;
				CLANG_WARN_BLOCK_CAPTURE_AUTORELEASING = YES;
				CLANG_WARN_BOOL_CONVERSION = YES;
				CLANG_WARN_COMMA = YES;
				CLANG_WARN_CONSTANT_CONVERSION = YES;
				CLANG_WARN_DEPRECATED_OBJC_IMPLEMENTATIONS = YES;
				CLANG_WARN_DIRECT_OBJC_ISA_USAGE = YES_ERROR;
				CLANG_WARN_DOCUMENTATION_COMMENTS = YES;
				CLANG_WARN_EMPTY_BODY = YES;
				CLANG_WARN_ENUM_CONVERSION = YES;
				CLANG_WARN_INFINITE_RECURSION = YES;
				CLANG_WARN_INT_CONVERSION = YES;
				CLANG_WARN_NON_LITERAL_NULL_CONVERSION = YES;
				CLANG_WARN_OBJC_IMPLICIT_RETAIN_SELF = YES;
				CLANG_WARN_OBJC_LITERAL_CONVERSION = YES;
				CLANG_WARN_OBJC_ROOT_CLASS = YES_ERROR;
				CLANG_WARN_RANGE_LOOP_ANALYSIS = YES;
				CLANG_WARN_STRICT_PROTOTYPES = YES;
				CLANG_WARN_SUSPICIOUS_MOVE = YES;
				CLANG_WARN_UNGUARDED_AVAILABILITY = YES_AGGRESSIVE;
				CLANG_WARN_UNREACHABLE_CODE = YES;
				CLANG_WARN__DUPLICATE_METHOD_MATCH = YES;
				COPY_PHASE_STRIP = NO;
				DEBUG_INFORMATION_FORMAT = dwarf;
				ENABLE_STRICT_OBJC_MSGSEND = YES;
				ENABLE_TESTABILITY = YES;
				GCC_C_LANGUAGE_STANDARD = gnu11;
				GCC_DYNAMIC_NO_PIC = NO;
				GCC_NO_COMMON_BLOCKS = YES;
				GCC_OPTIMIZATION_LEVEL = 0;
				GCC_PREPROCESSOR_DEFINITIONS = (
					"DEBUG=1",
					"$(inherited)",
				);
				GCC_WARN_64_TO_32_BIT_CONVERSION = YES;
				GCC_WARN_ABOUT_RETURN_TYPE = YES_ERROR;
				GCC_WARN_UNDECLARED_SELECTOR = YES;
				GCC_WARN_UNINITIALIZED_AUTOS = YES_AGGRESSIVE;
				GCC_WARN_UNUSED_FUNCTION = YES;
				GCC_WARN_UNUSED_VARIABLE = YES;
				IPHONEOS_DEPLOYMENT_TARGET = 13.4;
				MTL_ENABLE_DEBUG_INFO = INCLUDE_SOURCE;
				MTL_FAST_MATH = YES;
				ONLY_ACTIVE_ARCH = YES;
				SDKROOT = iphoneos;
				SWIFT_ACTIVE_COMPILATION_CONDITIONS = DEBUG;
				SWIFT_OPTIMIZATION_LEVEL = "-Onone";
			};
			name = Debug;
		};
		11884AF52467039D00904A22 /* Release */ = {
			isa = XCBuildConfiguration;
			buildSettings = {
				ALWAYS_SEARCH_USER_PATHS = NO;
				CLANG_ANALYZER_NONNULL = YES;
				CLANG_ANALYZER_NUMBER_OBJECT_CONVERSION = YES_AGGRESSIVE;
				CLANG_CXX_LANGUAGE_STANDARD = "gnu++14";
				CLANG_CXX_LIBRARY = "libc++";
				CLANG_ENABLE_MODULES = YES;
				CLANG_ENABLE_OBJC_ARC = YES;
				CLANG_ENABLE_OBJC_WEAK = YES;
				CLANG_WARN_BLOCK_CAPTURE_AUTORELEASING = YES;
				CLANG_WARN_BOOL_CONVERSION = YES;
				CLANG_WARN_COMMA = YES;
				CLANG_WARN_CONSTANT_CONVERSION = YES;
				CLANG_WARN_DEPRECATED_OBJC_IMPLEMENTATIONS = YES;
				CLANG_WARN_DIRECT_OBJC_ISA_USAGE = YES_ERROR;
				CLANG_WARN_DOCUMENTATION_COMMENTS = YES;
				CLANG_WARN_EMPTY_BODY = YES;
				CLANG_WARN_ENUM_CONVERSION = YES;
				CLANG_WARN_INFINITE_RECURSION = YES;
				CLANG_WARN_INT_CONVERSION = YES;
				CLANG_WARN_NON_LITERAL_NULL_CONVERSION = YES;
				CLANG_WARN_OBJC_IMPLICIT_RETAIN_SELF = YES;
				CLANG_WARN_OBJC_LITERAL_CONVERSION = YES;
				CLANG_WARN_OBJC_ROOT_CLASS = YES_ERROR;
				CLANG_WARN_RANGE_LOOP_ANALYSIS = YES;
				CLANG_WARN_STRICT_PROTOTYPES = YES;
				CLANG_WARN_SUSPICIOUS_MOVE = YES;
				CLANG_WARN_UNGUARDED_AVAILABILITY = YES_AGGRESSIVE;
				CLANG_WARN_UNREACHABLE_CODE = YES;
				CLANG_WARN__DUPLICATE_METHOD_MATCH = YES;
				COPY_PHASE_STRIP = NO;
				DEBUG_INFORMATION_FORMAT = "dwarf-with-dsym";
				ENABLE_NS_ASSERTIONS = NO;
				ENABLE_STRICT_OBJC_MSGSEND = YES;
				GCC_C_LANGUAGE_STANDARD = gnu11;
				GCC_NO_COMMON_BLOCKS = YES;
				GCC_WARN_64_TO_32_BIT_CONVERSION = YES;
				GCC_WARN_ABOUT_RETURN_TYPE = YES_ERROR;
				GCC_WARN_UNDECLARED_SELECTOR = YES;
				GCC_WARN_UNINITIALIZED_AUTOS = YES_AGGRESSIVE;
				GCC_WARN_UNUSED_FUNCTION = YES;
				GCC_WARN_UNUSED_VARIABLE = YES;
				IPHONEOS_DEPLOYMENT_TARGET = 13.4;
				MTL_ENABLE_DEBUG_INFO = NO;
				MTL_FAST_MATH = YES;
				SDKROOT = iphoneos;
				SWIFT_COMPILATION_MODE = wholemodule;
				SWIFT_OPTIMIZATION_LEVEL = "-O";
				VALIDATE_PRODUCT = YES;
			};
			name = Release;
		};
		11884AF72467039D00904A22 /* Debug */ = {
			isa = XCBuildConfiguration;
			buildSettings = {
				ASSETCATALOG_COMPILER_APPICON_NAME = AppIcon;
				CODE_SIGN_STYLE = Automatic;
				DEVELOPMENT_ASSET_PATHS = "\"FleaMarketApp/Preview Content\"";
				DEVELOPMENT_TEAM = CSE9343A58;
				ENABLE_PREVIEWS = YES;
				INFOPLIST_FILE = FleaMarketApp/Info.plist;
				LD_RUNPATH_SEARCH_PATHS = (
					"$(inherited)",
					"@executable_path/Frameworks",
				);
				PRODUCT_BUNDLE_IDENTIFIER = frontyard.FleaMarketApp;
				PRODUCT_NAME = "$(TARGET_NAME)";
				SWIFT_VERSION = 5.0;
				TARGETED_DEVICE_FAMILY = "1,2";
			};
			name = Debug;
		};
		11884AF82467039D00904A22 /* Release */ = {
			isa = XCBuildConfiguration;
			buildSettings = {
				ASSETCATALOG_COMPILER_APPICON_NAME = AppIcon;
				CODE_SIGN_STYLE = Automatic;
				DEVELOPMENT_ASSET_PATHS = "\"FleaMarketApp/Preview Content\"";
				DEVELOPMENT_TEAM = CSE9343A58;
				ENABLE_PREVIEWS = YES;
				INFOPLIST_FILE = FleaMarketApp/Info.plist;
				LD_RUNPATH_SEARCH_PATHS = (
					"$(inherited)",
					"@executable_path/Frameworks",
				);
				PRODUCT_BUNDLE_IDENTIFIER = frontyard.FleaMarketApp;
				PRODUCT_NAME = "$(TARGET_NAME)";
				SWIFT_VERSION = 5.0;
				TARGETED_DEVICE_FAMILY = "1,2";
			};
			name = Release;
		};
		11884AFA2467039D00904A22 /* Debug */ = {
			isa = XCBuildConfiguration;
			buildSettings = {
				ALWAYS_EMBED_SWIFT_STANDARD_LIBRARIES = YES;
				BUNDLE_LOADER = "$(TEST_HOST)";
				CODE_SIGN_STYLE = Automatic;
				DEVELOPMENT_TEAM = CSE9343A58;
				INFOPLIST_FILE = FleaMarketAppTests/Info.plist;
				IPHONEOS_DEPLOYMENT_TARGET = 13.4;
				LD_RUNPATH_SEARCH_PATHS = (
					"$(inherited)",
					"@executable_path/Frameworks",
					"@loader_path/Frameworks",
				);
				PRODUCT_BUNDLE_IDENTIFIER = frontyard.FleaMarketAppTests;
				PRODUCT_NAME = "$(TARGET_NAME)";
				SWIFT_VERSION = 5.0;
				TARGETED_DEVICE_FAMILY = "1,2";
				TEST_HOST = "$(BUILT_PRODUCTS_DIR)/FleaMarketApp.app/FleaMarketApp";
			};
			name = Debug;
		};
		11884AFB2467039D00904A22 /* Release */ = {
			isa = XCBuildConfiguration;
			buildSettings = {
				ALWAYS_EMBED_SWIFT_STANDARD_LIBRARIES = YES;
				BUNDLE_LOADER = "$(TEST_HOST)";
				CODE_SIGN_STYLE = Automatic;
				DEVELOPMENT_TEAM = CSE9343A58;
				INFOPLIST_FILE = FleaMarketAppTests/Info.plist;
				IPHONEOS_DEPLOYMENT_TARGET = 13.4;
				LD_RUNPATH_SEARCH_PATHS = (
					"$(inherited)",
					"@executable_path/Frameworks",
					"@loader_path/Frameworks",
				);
				PRODUCT_BUNDLE_IDENTIFIER = frontyard.FleaMarketAppTests;
				PRODUCT_NAME = "$(TARGET_NAME)";
				SWIFT_VERSION = 5.0;
				TARGETED_DEVICE_FAMILY = "1,2";
				TEST_HOST = "$(BUILT_PRODUCTS_DIR)/FleaMarketApp.app/FleaMarketApp";
			};
			name = Release;
		};
		11884AFD2467039D00904A22 /* Debug */ = {
			isa = XCBuildConfiguration;
			buildSettings = {
				ALWAYS_EMBED_SWIFT_STANDARD_LIBRARIES = YES;
				CODE_SIGN_STYLE = Automatic;
				DEVELOPMENT_TEAM = CSE9343A58;
				INFOPLIST_FILE = FleaMarketAppUITests/Info.plist;
				LD_RUNPATH_SEARCH_PATHS = (
					"$(inherited)",
					"@executable_path/Frameworks",
					"@loader_path/Frameworks",
				);
				PRODUCT_BUNDLE_IDENTIFIER = frontyard.FleaMarketAppUITests;
				PRODUCT_NAME = "$(TARGET_NAME)";
				SWIFT_VERSION = 5.0;
				TARGETED_DEVICE_FAMILY = "1,2";
				TEST_TARGET_NAME = FleaMarketApp;
			};
			name = Debug;
		};
		11884AFE2467039D00904A22 /* Release */ = {
			isa = XCBuildConfiguration;
			buildSettings = {
				ALWAYS_EMBED_SWIFT_STANDARD_LIBRARIES = YES;
				CODE_SIGN_STYLE = Automatic;
				DEVELOPMENT_TEAM = CSE9343A58;
				INFOPLIST_FILE = FleaMarketAppUITests/Info.plist;
				LD_RUNPATH_SEARCH_PATHS = (
					"$(inherited)",
					"@executable_path/Frameworks",
					"@loader_path/Frameworks",
				);
				PRODUCT_BUNDLE_IDENTIFIER = frontyard.FleaMarketAppUITests;
				PRODUCT_NAME = "$(TARGET_NAME)";
				SWIFT_VERSION = 5.0;
				TARGETED_DEVICE_FAMILY = "1,2";
				TEST_TARGET_NAME = FleaMarketApp;
			};
			name = Release;
		};
/* End XCBuildConfiguration section */

/* Begin XCConfigurationList section */
		11884AC42467039A00904A22 /* Build configuration list for PBXProject "FleaMarketApp" */ = {
			isa = XCConfigurationList;
			buildConfigurations = (
				11884AF42467039D00904A22 /* Debug */,
				11884AF52467039D00904A22 /* Release */,
			);
			defaultConfigurationIsVisible = 0;
			defaultConfigurationName = Release;
		};
		11884AF62467039D00904A22 /* Build configuration list for PBXNativeTarget "FleaMarketApp" */ = {
			isa = XCConfigurationList;
			buildConfigurations = (
				11884AF72467039D00904A22 /* Debug */,
				11884AF82467039D00904A22 /* Release */,
			);
			defaultConfigurationIsVisible = 0;
			defaultConfigurationName = Release;
		};
		11884AF92467039D00904A22 /* Build configuration list for PBXNativeTarget "FleaMarketAppTests" */ = {
			isa = XCConfigurationList;
			buildConfigurations = (
				11884AFA2467039D00904A22 /* Debug */,
				11884AFB2467039D00904A22 /* Release */,
			);
			defaultConfigurationIsVisible = 0;
			defaultConfigurationName = Release;
		};
		11884AFC2467039D00904A22 /* Build configuration list for PBXNativeTarget "FleaMarketAppUITests" */ = {
			isa = XCConfigurationList;
			buildConfigurations = (
				11884AFD2467039D00904A22 /* Debug */,
				11884AFE2467039D00904A22 /* Release */,
			);
			defaultConfigurationIsVisible = 0;
			defaultConfigurationName = Release;
		};
/* End XCConfigurationList section */

/* Begin XCVersionGroup section */
		11884AD02467039A00904A22 /* FleaMarketApp.xcdatamodeld */ = {
			isa = XCVersionGroup;
			children = (
				11884AD12467039A00904A22 /* FleaMarketApp.xcdatamodel */,
			);
			currentVersion = 11884AD12467039A00904A22 /* FleaMarketApp.xcdatamodel */;
			path = FleaMarketApp.xcdatamodeld;
			sourceTree = "<group>";
			versionGroupType = wrapper.xcdatamodel;
		};
/* End XCVersionGroup section */
	};
	rootObject = 11884AC12467039A00904A22 /* Project object */;
}
